
Microsoft Visual Studio Solution File, Format Version 12.00
# Visual Studio Version 16
VisualStudioVersion = 16.0.29911.84
MinimumVisualStudioVersion = 10.0.40219.1
Project("{9A19103F-16F7-4668-BE54-9A1E7A4F7556}") = "CourseraTDD", "CourseraTDD\CourseraTDD.csproj", "{884F722E-7AFF-44E4-B4FF-9F82EF090E73}"
EndProject
Project("{9A19103F-16F7-4668-BE54-9A1E7A4F7556}") = "CourseraTDDTest", "CourseraTDDTest\CourseraTDDTest.csproj", "{F56E6810-D7CB-4D37-9A96-D66DE6E86C7A}"
EndProject
Global
	GlobalSection(SolutionConfigurationPlatforms) = preSolution
		Debug|Any CPU = Debug|Any CPU
		Release|Any CPU = Release|Any CPU
	EndGlobalSection
	GlobalSection(ProjectConfigurationPlatforms) = postSolution
		{884F722E-7AFF-44E4-B4FF-9F82EF090E73}.Debug|Any CPU.ActiveCfg = Debug|Any CPU
		{884F722E-7AFF-44E4-B4FF-9F82EF090E73}.Debug|Any CPU.Build.0 = Debug|Any CPU
		{884F722E-7AFF-44E4-B4FF-9F82EF090E73}.Release|Any CPU.ActiveCfg = Release|Any CPU
		{884F722E-7AFF-44E4-B4FF-9F82EF090E73}.Release|Any CPU.Build.0 = Release|Any CPU
		{F56E6810-D7CB-4D37-9A96-D66DE6E86C7A}.Debug|Any CPU.ActiveCfg = Debug|Any CPU
		{F56E6810-D7CB-4D37-9A96-D66DE6E86C7A}.Debug|Any CPU.Build.0 = Debug|Any CPU
		{F56E6810-D7CB-4D37-9A96-D66DE6E86C7A}.Release|Any CPU.ActiveCfg = Release|Any CPU
		{F56E6810-D7CB-4D37-9A96-D66DE6E86C7A}.Release|Any CPU.Build.0 = Release|Any CPU
	EndGlobalSection
	GlobalSection(SolutionProperties) = preSolution
		HideSolutionNode = FALSE
	EndGlobalSection
	GlobalSection(ExtensibilityGlobals) = postSolution
		SolutionGuid = {4B6ADB84-35E9-483F-B66A-F243711DF3D9}
	EndGlobalSection
EndGlobal
